# THIS IS AN AUTOGENERATED FILE. DO NOT EDIT THIS FILE DIRECTLY.
# yarn lockfile v1


"@ampproject/remapping@^2.3.0":
  version "2.3.0"
  resolved "https://registry.npmjs.org/@ampproject/remapping/-/remapping-2.3.0.tgz"
  integrity sha512-30iZtAPgz+LTIYoeivqYo853f02jBYSd5uGnGpkFV0M3xOt9aN73erkgYAmZU43x4VfqcnLxW9Kpg3R5LC4YYw==
  dependencies:
    "@jridgewell/gen-mapping" "^0.3.5"
    "@jridgewell/trace-mapping" "^0.3.24"

"@esbuild/linux-x64@0.25.6":
  version "0.25.6"
  resolved "https://registry.npmjs.org/@esbuild/linux-x64/-/linux-x64-0.25.6.tgz"
  integrity sha512-A6bJB41b4lKFWRKNrWoP2LHsjVzNiaurf7wyj/XtFNTsnPuxwEBWHLty+ZE0dWBKuSK1fvKgrKaNjBS7qbFKig==

"@isaacs/fs-minipass@^4.0.0":
  version "4.0.1"
  resolved "https://registry.npmjs.org/@isaacs/fs-minipass/-/fs-minipass-4.0.1.tgz"
  integrity sha512-wgm9Ehl2jpeqP3zw/7mo3kRHFp5MEDhqAdwy1fTGkHAwnkGOVsgpvQhL8B5n1qlb01jV3n/bI0ZfZp5lWA1k4w==
  dependencies:
    minipass "^7.0.4"

"@jridgewell/gen-mapping@^0.3.5":
  version "0.3.12"
  resolved "https://registry.npmjs.org/@jridgewell/gen-mapping/-/gen-mapping-0.3.12.tgz"
  integrity sha512-OuLGC46TjB5BbN1dH8JULVVZY4WTdkF7tV9Ys6wLL1rubZnCMstOhNHueU5bLCrnRuDhKPDM4g6sw4Bel5Gzqg==
  dependencies:
    "@jridgewell/sourcemap-codec" "^1.5.0"
    "@jridgewell/trace-mapping" "^0.3.24"

"@jridgewell/resolve-uri@^3.1.0":
  version "3.1.2"
  resolved "https://registry.npmjs.org/@jridgewell/resolve-uri/-/resolve-uri-3.1.2.tgz"
  integrity sha512-bRISgCIjP20/tbWSPWMEi54QVPRZExkuD9lJL+UIxUKtwVJA8wW1Trb1jMs1RFXo1CBTNZ/5hpC9QvmKWdopKw==

"@jridgewell/sourcemap-codec@^1.4.14", "@jridgewell/sourcemap-codec@^1.5.0":
  version "1.5.4"
  resolved "https://registry.npmjs.org/@jridgewell/sourcemap-codec/-/sourcemap-codec-1.5.4.tgz"
  integrity sha512-VT2+G1VQs/9oz078bLrYbecdZKs912zQlkelYpuf+SXF+QvZDYJlbx/LSx+meSAwdDFnF8FVXW92AVjjkVmgFw==

"@jridgewell/trace-mapping@^0.3.24":
  version "0.3.29"
  resolved "https://registry.npmjs.org/@jridgewell/trace-mapping/-/trace-mapping-0.3.29.tgz"
  integrity sha512-uw6guiW/gcAGPDhLmd77/6lW8QLeiV5RUTsAX46Db6oLhGaVj4lhnPwb184s1bkc8kdVg/+h988dro8GRDpmYQ==
  dependencies:
    "@jridgewell/resolve-uri" "^3.1.0"
    "@jridgewell/sourcemap-codec" "^1.4.14"

"@parcel/watcher-linux-x64-glibc@2.5.1":
  version "2.5.1"
  resolved "https://registry.npmjs.org/@parcel/watcher-linux-x64-glibc/-/watcher-linux-x64-glibc-2.5.1.tgz"
  integrity sha512-GcESn8NZySmfwlTsIur+49yDqSny2IhPeZfXunQi48DMugKeZ7uy1FX83pO0X22sHntJ4Ub+9k34XQCX+oHt2A==

"@parcel/watcher-linux-x64-musl@2.5.1":
  version "2.5.1"
  resolved "https://registry.npmjs.org/@parcel/watcher-linux-x64-musl/-/watcher-linux-x64-musl-2.5.1.tgz"
  integrity sha512-n0E2EQbatQ3bXhcH2D1XIAANAcTZkQICBPVaxMeaCVBtOpBZpWJuf7LwyWPSBDITb7In8mqQgJ7gH8CILCURXg==

"@parcel/watcher@^2.5.1":
  version "2.5.1"
  resolved "https://registry.npmjs.org/@parcel/watcher/-/watcher-2.5.1.tgz"
  integrity sha512-dfUnCxiN9H4ap84DvD2ubjw+3vUNpstxa0TneY/Paat8a3R4uQZDLSvWjmznAY/DoahqTHl9V46HF/Zs3F29pg==
  dependencies:
    detect-libc "^1.0.3"
    is-glob "^4.0.3"
    micromatch "^4.0.5"
    node-addon-api "^7.0.0"
  optionalDependencies:
    "@parcel/watcher-android-arm64" "2.5.1"
    "@parcel/watcher-darwin-arm64" "2.5.1"
    "@parcel/watcher-darwin-x64" "2.5.1"
    "@parcel/watcher-freebsd-x64" "2.5.1"
    "@parcel/watcher-linux-arm-glibc" "2.5.1"
    "@parcel/watcher-linux-arm-musl" "2.5.1"
    "@parcel/watcher-linux-arm64-glibc" "2.5.1"
    "@parcel/watcher-linux-arm64-musl" "2.5.1"
    "@parcel/watcher-linux-x64-glibc" "2.5.1"
    "@parcel/watcher-linux-x64-musl" "2.5.1"
    "@parcel/watcher-win32-arm64" "2.5.1"
    "@parcel/watcher-win32-ia32" "2.5.1"
    "@parcel/watcher-win32-x64" "2.5.1"

"@tailwindcss/cli@^4.1.11":
  version "4.1.11"
  resolved "https://registry.npmjs.org/@tailwindcss/cli/-/cli-4.1.11.tgz"
  integrity sha512-7RAFOrVaXCFz5ooEG36Kbh+sMJiI2j4+Ozp71smgjnLfBRu7DTfoq8DsTvzse2/6nDeo2M3vS/FGaxfDgr3rtQ==
  dependencies:
    "@parcel/watcher" "^2.5.1"
    "@tailwindcss/node" "4.1.11"
    "@tailwindcss/oxide" "4.1.11"
    enhanced-resolve "^5.18.1"
    mri "^1.2.0"
    picocolors "^1.1.1"
    tailwindcss "4.1.11"

"@tailwindcss/forms@^0.5.10":
  version "0.5.10"
  resolved "https://registry.npmjs.org/@tailwindcss/forms/-/forms-0.5.10.tgz"
  integrity sha512-utI1ONF6uf/pPNO68kmN1b8rEwNXv3czukalo8VtJH8ksIkZXr3Q3VYudZLkCsDd4Wku120uF02hYK25XGPorw==
  dependencies:
    mini-svg-data-uri "^1.2.3"

"@tailwindcss/node@4.1.11":
  version "4.1.11"
  resolved "https://registry.npmjs.org/@tailwindcss/node/-/node-4.1.11.tgz"
  integrity sha512-yzhzuGRmv5QyU9qLNg4GTlYI6STedBWRE7NjxP45CsFYYq9taI0zJXZBMqIC/c8fViNLhmrbpSFS57EoxUmD6Q==
  dependencies:
    "@ampproject/remapping" "^2.3.0"
    enhanced-resolve "^5.18.1"
    jiti "^2.4.2"
    lightningcss "1.30.1"
    magic-string "^0.30.17"
    source-map-js "^1.2.1"
    tailwindcss "4.1.11"

"@tailwindcss/oxide-linux-x64-gnu@4.1.11":
  version "4.1.11"
  resolved "https://registry.npmjs.org/@tailwindcss/oxide-linux-x64-gnu/-/oxide-linux-x64-gnu-4.1.11.tgz"
  integrity sha512-YW6sblI7xukSD2TdbbaeQVDysIm/UPJtObHJHKxDEcW2exAtY47j52f8jZXkqE1krdnkhCMGqP3dbniu1Te2Fg==

"@tailwindcss/oxide-linux-x64-musl@4.1.11":
  version "4.1.11"
  resolved "https://registry.npmjs.org/@tailwindcss/oxide-linux-x64-musl/-/oxide-linux-x64-musl-4.1.11.tgz"
  integrity sha512-e3C/RRhGunWYNC3aSF7exsQkdXzQ/M+aYuZHKnw4U7KQwTJotnWsGOIVih0s2qQzmEzOFIJ3+xt7iq67K/p56Q==

"@tailwindcss/oxide@4.1.11":
  version "4.1.11"
  resolved "https://registry.npmjs.org/@tailwindcss/oxide/-/oxide-4.1.11.tgz"
  integrity sha512-Q69XzrtAhuyfHo+5/HMgr1lAiPP/G40OMFAnws7xcFEYqcypZmdW8eGXaOUIeOl1dzPJBPENXgbjsOyhg2nkrg==
  dependencies:
    detect-libc "^2.0.4"
    tar "^7.4.3"
  optionalDependencies:
    "@tailwindcss/oxide-android-arm64" "4.1.11"
    "@tailwindcss/oxide-darwin-arm64" "4.1.11"
    "@tailwindcss/oxide-darwin-x64" "4.1.11"
    "@tailwindcss/oxide-freebsd-x64" "4.1.11"
    "@tailwindcss/oxide-linux-arm-gnueabihf" "4.1.11"
    "@tailwindcss/oxide-linux-arm64-gnu" "4.1.11"
    "@tailwindcss/oxide-linux-arm64-musl" "4.1.11"
    "@tailwindcss/oxide-linux-x64-gnu" "4.1.11"
    "@tailwindcss/oxide-linux-x64-musl" "4.1.11"
    "@tailwindcss/oxide-wasm32-wasi" "4.1.11"
    "@tailwindcss/oxide-win32-arm64-msvc" "4.1.11"
    "@tailwindcss/oxide-win32-x64-msvc" "4.1.11"

braces@^3.0.3:
  version "3.0.3"
  resolved "https://registry.npmjs.org/braces/-/braces-3.0.3.tgz"
  integrity sha512-yQbXgO/OSZVD2IsiLlro+7Hf6Q18EJrKSEsdoMzKePKXct3gvD8oLcOQdIzGupr5Fj+EDe8gO/lxc1BzfMpxvA==
  dependencies:
    fill-range "^7.1.1"

chownr@^3.0.0:
  version "3.0.0"
  resolved "https://registry.npmjs.org/chownr/-/chownr-3.0.0.tgz"
  integrity sha512-+IxzY9BZOQd/XuYPRmrvEVjF/nqj5kgT4kEq7VofrDoM1MxoRjEWkrCC3EtLi59TVawxTAn+orJwFQcrqEN1+g==

detect-libc@^1.0.3:
  version "1.0.3"
  resolved "https://registry.npmjs.org/detect-libc/-/detect-libc-1.0.3.tgz"
  integrity sha512-pGjwhsmsp4kL2RTz08wcOlGN83otlqHeD/Z5T8GXZB+/YcpQ/dgo+lbU8ZsGxV0HIvqqxo9l7mqYwyYMD9bKDg==

detect-libc@^2.0.3:
  version "2.0.4"
  resolved "https://registry.npmjs.org/detect-libc/-/detect-libc-2.0.4.tgz"
  integrity sha512-3UDv+G9CsCKO1WKMGw9fwq/SWJYbI0c5Y7LU1AXYoDdbhE2AHQ6N6Nb34sG8Fj7T5APy8qXDCKuuIHd1BR0tVA==

detect-libc@^2.0.4:
  version "2.0.4"
  resolved "https://registry.npmjs.org/detect-libc/-/detect-libc-2.0.4.tgz"
  integrity sha512-3UDv+G9CsCKO1WKMGw9fwq/SWJYbI0c5Y7LU1AXYoDdbhE2AHQ6N6Nb34sG8Fj7T5APy8qXDCKuuIHd1BR0tVA==

enhanced-resolve@^5.18.1:
  version "5.18.2"
  resolved "https://registry.npmjs.org/enhanced-resolve/-/enhanced-resolve-5.18.2.tgz"
  integrity sha512-6Jw4sE1maoRJo3q8MsSIn2onJFbLTOjY9hlx4DZXmOKvLRd1Ok2kXmAGXaafL2+ijsJZ1ClYbl/pmqr9+k4iUQ==
  dependencies:
    graceful-fs "^4.2.4"
    tapable "^2.2.0"

esbuild@^0.25.0:
  version "0.25.6"
  resolved "https://registry.npmjs.org/esbuild/-/esbuild-0.25.6.tgz"
  integrity sha512-GVuzuUwtdsghE3ocJ9Bs8PNoF13HNQ5TXbEi2AhvVb8xU1Iwt9Fos9FEamfoee+u/TOsn7GUWc04lz46n2bbTg==
  optionalDependencies:
    "@esbuild/aix-ppc64" "0.25.6"
    "@esbuild/android-arm" "0.25.6"
    "@esbuild/android-arm64" "0.25.6"
    "@esbuild/android-x64" "0.25.6"
    "@esbuild/darwin-arm64" "0.25.6"
    "@esbuild/darwin-x64" "0.25.6"
    "@esbuild/freebsd-arm64" "0.25.6"
    "@esbuild/freebsd-x64" "0.25.6"
    "@esbuild/linux-arm" "0.25.6"
    "@esbuild/linux-arm64" "0.25.6"
    "@esbuild/linux-ia32" "0.25.6"
    "@esbuild/linux-loong64" "0.25.6"
    "@esbuild/linux-mips64el" "0.25.6"
    "@esbuild/linux-ppc64" "0.25.6"
    "@esbuild/linux-riscv64" "0.25.6"
    "@esbuild/linux-s390x" "0.25.6"
    "@esbuild/linux-x64" "0.25.6"
    "@esbuild/netbsd-arm64" "0.25.6"
    "@esbuild/netbsd-x64" "0.25.6"
    "@esbuild/openbsd-arm64" "0.25.6"
    "@esbuild/openbsd-x64" "0.25.6"
    "@esbuild/openharmony-arm64" "0.25.6"
    "@esbuild/sunos-x64" "0.25.6"
    "@esbuild/win32-arm64" "0.25.6"
    "@esbuild/win32-ia32" "0.25.6"
    "@esbuild/win32-x64" "0.25.6"

fill-range@^7.1.1:
  version "7.1.1"
  resolved "https://registry.npmjs.org/fill-range/-/fill-range-7.1.1.tgz"
  integrity sha512-YsGpe3WHLK8ZYi4tWDg2Jy3ebRz2rXowDxnld4bkQB00cc/1Zw9AWnC0i9ztDJitivtQvaI9KaLyKrc+hBW0yg==
  dependencies:
    to-regex-range "^5.0.1"

graceful-fs@^4.2.4:
  version "4.2.11"
  resolved "https://registry.npmjs.org/graceful-fs/-/graceful-fs-4.2.11.tgz"
  integrity sha512-RbJ5/jmFcNNCcDV5o9eTnBLJ/HszWV0P73bc+Ff4nS/rJj+YaS6IGyiOL0VoBYX+l1Wrl3k63h/KrH+nhJ0XvQ==

is-extglob@^2.1.1:
  version "2.1.1"
  resolved "https://registry.npmjs.org/is-extglob/-/is-extglob-2.1.1.tgz"
  integrity sha512-SbKbANkN603Vi4jEZv49LeVJMn4yGwsbzZworEoyEiutsN3nJYdbO36zfhGJ6QEDpOZIFkDtnq5JRxmvl3jsoQ==

is-glob@^4.0.3:
  version "4.0.3"
  resolved "https://registry.npmjs.org/is-glob/-/is-glob-4.0.3.tgz"
  integrity sha512-xelSayHH36ZgE7ZWhli7pW34hNbNl8Ojv5KVmkJD4hBdD3th8Tfk9vYasLM+mXWOZhFkgZfxhLSnrwRr4elSSg==
  dependencies:
    is-extglob "^2.1.1"

is-number@^7.0.0:
  version "7.0.0"
  resolved "https://registry.npmjs.org/is-number/-/is-number-7.0.0.tgz"
  integrity sha512-41Cifkg6e8TylSpdtTpeLVMqvSBEVzTttHvERD741+pnZ8ANv0004MRL43QKPDlK9cGvNp6NZWZUBlbGXYxxng==

jiti@^2.4.2:
  version "2.4.2"
  resolved "https://registry.npmjs.org/jiti/-/jiti-2.4.2.tgz"
  integrity sha512-rg9zJN+G4n2nfJl5MW3BMygZX56zKPNVEYYqq7adpmMh4Jn2QNEwhvQlFy6jPVdcod7txZtKHWnyZiA3a0zP7A==

lightningcss-linux-x64-gnu@1.30.1:
  version "1.30.1"
  resolved "https://registry.npmjs.org/lightningcss-linux-x64-gnu/-/lightningcss-linux-x64-gnu-1.30.1.tgz"
  integrity sha512-piWx3z4wN8J8z3+O5kO74+yr6ze/dKmPnI7vLqfSqI8bccaTGY5xiSGVIJBDd5K5BHlvVLpUB3S2YCfelyJ1bw==

lightningcss-linux-x64-musl@1.30.1:
  version "1.30.1"
  resolved "https://registry.npmjs.org/lightningcss-linux-x64-musl/-/lightningcss-linux-x64-musl-1.30.1.tgz"
  integrity sha512-rRomAK7eIkL+tHY0YPxbc5Dra2gXlI63HL+v1Pdi1a3sC+tJTcFrHX+E86sulgAXeI7rSzDYhPSeHHjqFhqfeQ==

lightningcss@1.30.1:
  version "1.30.1"
  resolved "https://registry.npmjs.org/lightningcss/-/lightningcss-1.30.1.tgz"
  integrity sha512-xi6IyHML+c9+Q3W0S4fCQJOym42pyurFiJUHEcEyHS0CeKzia4yZDEsLlqOFykxOdHpNy0NmvVO31vcSqAxJCg==
  dependencies:
    detect-libc "^2.0.3"
  optionalDependencies:
    lightningcss-darwin-arm64 "1.30.1"
    lightningcss-darwin-x64 "1.30.1"
    lightningcss-freebsd-x64 "1.30.1"
    lightningcss-linux-arm-gnueabihf "1.30.1"
    lightningcss-linux-arm64-gnu "1.30.1"
    lightningcss-linux-arm64-musl "1.30.1"
    lightningcss-linux-x64-gnu "1.30.1"
    lightningcss-linux-x64-musl "1.30.1"
    lightningcss-win32-arm64-msvc "1.30.1"
    lightningcss-win32-x64-msvc "1.30.1"

magic-string@^0.30.17:
  version "0.30.17"
  resolved "https://registry.npmjs.org/magic-string/-/magic-string-0.30.17.tgz"
  integrity sha512-sNPKHvyjVf7gyjwS4xGTaW/mCnF8wnjtifKBEhxfZ7E/S8tQ0rssrwGNn6q8JH/ohItJfSQp9mBtQYuTlH5QnA==
  dependencies:
    "@jridgewell/sourcemap-codec" "^1.5.0"

micromatch@^4.0.5:
  version "4.0.8"
  resolved "https://registry.npmjs.org/micromatch/-/micromatch-4.0.8.tgz"
  integrity sha512-PXwfBhYu0hBCPw8Dn0E+WDYb7af3dSLVWKi3HGv84IdF4TyFoC0ysxFd0Goxw7nSv4T/PzEJQxsYsEiFCKo2BA==
  dependencies:
    braces "^3.0.3"
    picomatch "^2.3.1"

mini-svg-data-uri@^1.2.3:
  version "1.4.4"
  resolved "https://registry.npmjs.org/mini-svg-data-uri/-/mini-svg-data-uri-1.4.4.tgz"
  integrity sha512-r9deDe9p5FJUPZAk3A59wGH7Ii9YrjjWw0jmw/liSbHl2CHiyXj6FcDXDu2K3TjVAXqiJdaw3xxwlZZr9E6nHg==

minipass@^7.0.4, minipass@^7.1.2:
  version "7.1.2"
  resolved "https://registry.npmjs.org/minipass/-/minipass-7.1.2.tgz"
  integrity sha512-qOOzS1cBTWYF4BH8fVePDBOO9iptMnGUEZwNc/cMWnTV2nVLZ7VoNWEPHkYczZA0pdoA7dl6e7FL659nX9S2aw==

minizlib@^3.0.1:
  version "3.0.2"
  resolved "https://registry.npmjs.org/minizlib/-/minizlib-3.0.2.tgz"
  integrity sha512-oG62iEk+CYt5Xj2YqI5Xi9xWUeZhDI8jjQmC5oThVH5JGCTgIjr7ciJDzC7MBzYd//WvR1OTmP5Q38Q8ShQtVA==
  dependencies:
    minipass "^7.1.2"

mkdirp@^3.0.1:
  version "3.0.1"
  resolved "https://registry.npmjs.org/mkdirp/-/mkdirp-3.0.1.tgz"
  integrity sha512-+NsyUUAZDmo6YVHzL/stxSu3t9YS1iljliy3BSDrXJ/dkn1KYdmtZODGGjLcc9XLgVVpH4KshHB8XmZgMhaBXg==

mri@^1.2.0:
  version "1.2.0"
  resolved "https://registry.npmjs.org/mri/-/mri-1.2.0.tgz"
  integrity sha512-tzzskb3bG8LvYGFF/mDTpq3jpI6Q9wc3LEmBaghu+DdCssd1FakN7Bc0hVNmEyGq1bq3RgfkCb3cmQLpNPOroA==

node-addon-api@^7.0.0:
  version "7.1.1"
  resolved "https://registry.npmjs.org/node-addon-api/-/node-addon-api-7.1.1.tgz"
  integrity sha512-5m3bsyrjFWE1xf7nz7YXdN4udnVtXK6/Yfgn5qnahL6bCkf2yKt4k3nuTKAtT4r3IG8JNR2ncsIMdZuAzJjHQQ==

picocolors@^1.1.1:
  version "1.1.1"
  resolved "https://registry.npmjs.org/picocolors/-/picocolors-1.1.1.tgz"
  integrity sha512-xceH2snhtb5M9liqDsmEw56le376mTZkEX/jEb/RxNFyegNul7eNslCXP9FDj/Lcu0X8KEyMceP2ntpaHrDEVA==

picomatch@^2.3.1:
  version "2.3.1"
  resolved "https://registry.npmjs.org/picomatch/-/picomatch-2.3.1.tgz"
  integrity sha512-JU3teHTNjmE2VCGFzuY8EXzCDVwEqB2a8fsIvwaStHhAWJEeVd1o1QD80CU6+ZdEXXSLbSsuLwJjkCBWqRQUVA==

ralix@^1.5.0:
  version "1.5.0"
  resolved "https://registry.npmjs.org/ralix/-/ralix-1.5.0.tgz"
  integrity sha512-ONXHZqRDn7seP961N2OHMnP49XEiPNSJV2kmgIgdyEoOLytPjZfRxFN34jWBxFQ+2i+kDAA6GCtFzKWDca2Isg==

sharer.js@^0.5.1:
  version "0.5.3"
  resolved "https://registry.npmjs.org/sharer.js/-/sharer.js-0.5.3.tgz"
  integrity sha512-Xi8nWppPSH3YbsqZlY0CnrxiY+QlSSoAlub0ai3Cyu2wZt0kWH405vIzoixDQb3n+BswuogZ5fwp4qL+448Ocw==

source-map-js@^1.2.1:
  version "1.2.1"
  resolved "https://registry.npmjs.org/source-map-js/-/source-map-js-1.2.1.tgz"
  integrity sha512-UXWMKhLOwVKb728IUtQPXxfYU+usdybtUrK/8uGE8CQMvrhOpwvzDBwj0QhSL7MQc7vIsISBG8VQ8+IDQxpfQA==

tailwindcss@^4.1.11, "tailwindcss@>=3.0.0 || >= 3.0.0-alpha.1 || >= 4.0.0-alpha.20 || >= 4.0.0-beta.1", tailwindcss@4.1.11:
  version "4.1.11"
  resolved "https://registry.npmjs.org/tailwindcss/-/tailwindcss-4.1.11.tgz"
  integrity sha512-2E9TBm6MDD/xKYe+dvJZAmg3yxIEDNRc0jwlNyDg/4Fil2QcSLjFKGVff0lAf1jjeaArlG/M75Ey/EYr/OJtBA==

tapable@^2.2.0:
  version "2.2.2"
  resolved "https://registry.npmjs.org/tapable/-/tapable-2.2.2.tgz"
  integrity sha512-Re10+NauLTMCudc7T5WLFLAwDhQ0JWdrMK+9B2M8zR5hRExKmsRDCBA7/aV/pNJFltmBFO5BAMlQFi/vq3nKOg==

tar@^7.4.3:
  version "7.4.3"
  resolved "https://registry.npmjs.org/tar/-/tar-7.4.3.tgz"
  integrity sha512-5S7Va8hKfV7W5U6g3aYxXmlPoZVAwUMy9AOKyF2fVuZa2UD3qZjg578OrLRt8PcNN1PleVaL/5/yYATNL0ICUw==
  dependencies:
    "@isaacs/fs-minipass" "^4.0.0"
    chownr "^3.0.0"
    minipass "^7.1.2"
    minizlib "^3.0.1"
    mkdirp "^3.0.1"
    yallist "^5.0.0"

to-regex-range@^5.0.1:
  version "5.0.1"
  resolved "https://registry.npmjs.org/to-regex-range/-/to-regex-range-5.0.1.tgz"
  integrity sha512-65P7iz6X5yEr1cwcgvQxbbIw7Uk3gOy5dIdtZ4rDveLqhrdJP+Li/Hx6tyK0NEb+2GCyneCMJiGqrADCSNk8sQ==
  dependencies:
    is-number "^7.0.0"

yallist@^5.0.0:
  version "5.0.0"
  resolved "https://registry.npmjs.org/yallist/-/yallist-5.0.0.tgz"
  integrity sha512-YgvUTfwqyc7UXVMrB+SImsVYSmTS8X/tSrtdNZMImM+n7+QTriRXyXim0mBrTXNeqzVF0KWGgHPeiyViFFrNDw==
